
Microsoft Visual Studio Solution File, Format Version 12.00
# Visual Studio Version 17
VisualStudioVersion = 17.4.33213.308
MinimumVisualStudioVersion = 10.0.40219.1
Project("{FAE04EC0-301F-11D3-BF4B-00C04F79EFBC}") = "DeviceCommander", "DeviceCommander\DeviceCommander.csproj", "{3BBE31E8-CBCD-49B3-9AB2-0564A2DDCBC1}"
EndProject
Global
	GlobalSection(SolutionConfigurationPlatforms) = preSolution
		Debug|Any CPU = Debug|Any CPU
		Release|Any CPU = Release|Any CPU
	EndGlobalSection
	GlobalSection(ProjectConfigurationPlatforms) = postSolution
		{3BBE31E8-CBCD-49B3-9AB2-0564A2DDCBC1}.Debug|Any CPU.ActiveCfg = Debug|Any CPU
		{3BBE31E8-CBCD-49B3-9AB2-0564A2DDCBC1}.Debug|Any CPU.Build.0 = Debug|Any CPU
		{3BBE31E8-CBCD-49B3-9AB2-0564A2DDCBC1}.Release|Any CPU.ActiveCfg = Release|Any CPU
		{3BBE31E8-CBCD-49B3-9AB2-0564A2DDCBC1}.Release|Any CPU.Build.0 = Release|Any CPU
	EndGlobalSection
	GlobalSection(SolutionProperties) = preSolution
		HideSolutionNode = FALSE
	EndGlobalSection
	GlobalSection(ExtensibilityGlobals) = postSolution
		SolutionGuid = {5CC64EDE-EDCE-4E70-A3F0-352F3C5D3A19}
	EndGlobalSection
EndGlobal
